# THIS IS AN AUTOGENERATED FILE. DO NOT EDIT THIS FILE DIRECTLY.
# yarn lockfile v1


"@composer-asset/yiisoft--assets@file:./vendor/foxy/composer-asset/yiisoft/assets":
  version "1.0.0"

"@composer-asset/yiisoft--yii-bulma@file:./vendor/foxy/composer-asset/yiisoft/yii-bulma":
  version "1.0.0"
  dependencies:
    "@vizuaalog/bulmajs" "^0.11.0"
    bulma "^0.8.2"
    bulma-helpers "^0.3.11"

"@vizuaalog/bulmajs@^0.11.0":
  version "0.11.0"
  resolved "https://registry.yarnpkg.com/@vizuaalog/bulmajs/-/bulmajs-0.11.0.tgz#4da8df7e5840e9f069a89f0223c8b8f55d4c1ec8"
  integrity sha512-Zv7RYZuY3o9OMixtFN3syeKFfDg/aU/4BcyIEl7WBXFZmf55p24la3KDEv9tgpPFtRPhjo3IMbdbvWPFwpnNXg==

bulma-helpers@^0.3.11:
  version "0.3.12"
  resolved "https://registry.yarnpkg.com/bulma-helpers/-/bulma-helpers-0.3.12.tgz#ffdc68eb35aa926bd6e53c0a8b52124b84f5e980"
  integrity sha512-FHF3rYdVwn7cUE/u6zscozc38+JFBdcKM0d+WQf3btNs47zKStc2mabV3ab3WZ+gYU4a992Or0cCwA/2vkLJ0A==

bulma@^0.8.2:
  version "0.8.2"
  resolved "https://registry.yarnpkg.com/bulma/-/bulma-0.8.2.tgz#5d928f16ed4a84549c2873f95c92c38c69c631a7"
  integrity sha512-vMM/ijYSxX+Sm+nD7Lmc1UgWDy2JcL2nTKqwgEqXuOMU+IGALbXd5MLt/BcjBAPLIx36TtzhzBcSnOP974gcqA==
